
Microsoft Visual Studio Solution File, Format Version 12.00
# Visual Studio Version 16
VisualStudioVersion = 16.0.29424.173
MinimumVisualStudioVersion = 10.0.40219.1
Project("{FAE04EC0-301F-11D3-BF4B-00C04F79EFBC}") = "BlazorAnimate", "BlazorAnimate\BlazorAnimate.csproj", "{641CF984-9682-415D-A788-66D49E790E90}"
EndProject
Project("{FAE04EC0-301F-11D3-BF4B-00C04F79EFBC}") = "BlazorAnimate.Sample", "..\samples\BlazorAnimate.Sample\BlazorAnimate.Sample.csproj", "{7EE72187-9A1F-47A0-9599-1FEA3342E3FB}"
EndProject
Global
	GlobalSection(SolutionConfigurationPlatforms) = preSolution
		Debug|Any CPU = Debug|Any CPU
		Release|Any CPU = Release|Any CPU
	EndGlobalSection
	GlobalSection(ProjectConfigurationPlatforms) = postSolution
		{641CF984-9682-415D-A788-66D49E790E90}.Debug|Any CPU.ActiveCfg = Debug|Any CPU
		{641CF984-9682-415D-A788-66D49E790E90}.Debug|Any CPU.Build.0 = Debug|Any CPU
		{641CF984-9682-415D-A788-66D49E790E90}.Release|Any CPU.ActiveCfg = Release|Any CPU
		{641CF984-9682-415D-A788-66D49E790E90}.Release|Any CPU.Build.0 = Release|Any CPU
		{7EE72187-9A1F-47A0-9599-1FEA3342E3FB}.Debug|Any CPU.ActiveCfg = Debug|Any CPU
		{7EE72187-9A1F-47A0-9599-1FEA3342E3FB}.Debug|Any CPU.Build.0 = Debug|Any CPU
		{7EE72187-9A1F-47A0-9599-1FEA3342E3FB}.Release|Any CPU.ActiveCfg = Release|Any CPU
		{7EE72187-9A1F-47A0-9599-1FEA3342E3FB}.Release|Any CPU.Build.0 = Release|Any CPU
	EndGlobalSection
	GlobalSection(SolutionProperties) = preSolution
		HideSolutionNode = FALSE
	EndGlobalSection
	GlobalSection(ExtensibilityGlobals) = postSolution
		SolutionGuid = {8CDC4624-A186-4928-809D-116673F8C8DF}
	EndGlobalSection
EndGlobal
